// !$*UTF8*$!
{
	archiveVersion = 1;
	classes = {
	};
	objectVersion = 46;
	objects = {

/* Begin PBXBuildFile section */
		060F086D1E4D6C9200D9166F /* AppDelegate.swift in Sources */ = {isa = PBXBuildFile; fileRef = 060F085B1E4D6C9200D9166F /* AppDelegate.swift */; };
		060F08711E4D6C9200D9166F /* Assets.xcassets in Resources */ = {isa = PBXBuildFile; fileRef = 060F08651E4D6C9200D9166F /* Assets.xcassets */; };
		060F08731E4D6C9200D9166F /* LaunchScreen.storyboard in Resources */ = {isa = PBXBuildFile; fileRef = 060F08691E4D6C9200D9166F /* LaunchScreen.storyboard */; };
		060F08741E4D6C9200D9166F /* Main.storyboard in Resources */ = {isa = PBXBuildFile; fileRef = 060F086A1E4D6C9200D9166F /* Main.storyboard */; };
		061CC6F01EEC436C00634893 /* DetailViewController.swift in Sources */ = {isa = PBXBuildFile; fileRef = 061CC6EF1EEC436C00634893 /* DetailViewController.swift */; };
		061CC7011EEC458900634893 /* Alamofire.framework in Frameworks */ = {isa = PBXBuildFile; fileRef = 061CC6FE1EEC456100634893 /* Alamofire.framework */; };
		061CC7021EEC458900634893 /* Framezilla.framework in Frameworks */ = {isa = PBXBuildFile; fileRef = 061CC7001EEC456100634893 /* Framezilla.framework */; };
		061CC7031EEC458900634893 /* TableViewTools.framework in Frameworks */ = {isa = PBXBuildFile; fileRef = 061CC6FF1EEC456100634893 /* TableViewTools.framework */; };
		061CC7091EEC468700634893 /* AppTableViewCell.swift in Sources */ = {isa = PBXBuildFile; fileRef = 061CC7081EEC468700634893 /* AppTableViewCell.swift */; };
		061CC70B1EEC469000634893 /* AppTableViewCellItem.swift in Sources */ = {isa = PBXBuildFile; fileRef = 061CC70A1EEC469000634893 /* AppTableViewCellItem.swift */; };
		067ABE3A1EEE5BE600527112 /* NotificationCenter.framework in Frameworks */ = {isa = PBXBuildFile; fileRef = 067ABE391EEE5BE600527112 /* NotificationCenter.framework */; };
		067ABE3D1EEE5BE600527112 /* TodayViewController.swift in Sources */ = {isa = PBXBuildFile; fileRef = 067ABE3C1EEE5BE600527112 /* TodayViewController.swift */; };
		067ABE441EEE5BE600527112 /* hackathon-today.appex in Embed App Extensions */ = {isa = PBXBuildFile; fileRef = 067ABE381EEE5BE500527112 /* hackathon-today.appex */; settings = {ATTRIBUTES = (RemoveHeadersOnCopy, ); }; };
		067ABE491EEE5EB700527112 /* TableViewTools.framework in Frameworks */ = {isa = PBXBuildFile; fileRef = 061CC6FF1EEC456100634893 /* TableViewTools.framework */; };
		067ABE4B1EEE5F1D00527112 /* AppTableViewCell.swift in Sources */ = {isa = PBXBuildFile; fileRef = 067ABE4A1EEE5F1D00527112 /* AppTableViewCell.swift */; };
		067ABE4D1EEE5F7700527112 /* AppTableViewCellItem.swift in Sources */ = {isa = PBXBuildFile; fileRef = 067ABE4C1EEE5F7700527112 /* AppTableViewCellItem.swift */; };
		0680936F1EEE77D9001C9BAA /* AppService.swift in Sources */ = {isa = PBXBuildFile; fileRef = 0680936E1EEE77D9001C9BAA /* AppService.swift */; };
		068093701EEE77E7001C9BAA /* Alamofire.framework in Frameworks */ = {isa = PBXBuildFile; fileRef = 061CC6FE1EEC456100634893 /* Alamofire.framework */; };
		06AB36B61EEE7B5900E1F33D /* App.swift in Sources */ = {isa = PBXBuildFile; fileRef = 06AB36B51EEE7B5900E1F33D /* App.swift */; };
		06AB36B91EEE88AB00E1F33D /* RealmSwift.framework in Frameworks */ = {isa = PBXBuildFile; fileRef = 06AB36B81EEE88AB00E1F33D /* RealmSwift.framework */; };
		06AB36BB1EEE8A0E00E1F33D /* RealmService.swift in Sources */ = {isa = PBXBuildFile; fileRef = 06AB36BA1EEE8A0E00E1F33D /* RealmService.swift */; };
		06AB36BC1EEE8A0E00E1F33D /* RealmService.swift in Sources */ = {isa = PBXBuildFile; fileRef = 06AB36BA1EEE8A0E00E1F33D /* RealmService.swift */; };
		06AB36BD1EEE8EDB00E1F33D /* App.swift in Sources */ = {isa = PBXBuildFile; fileRef = 06AB36B51EEE7B5900E1F33D /* App.swift */; };
		06CBEB711EEC486300E3EEE4 /* MainViewController.swift in Sources */ = {isa = PBXBuildFile; fileRef = 061CC7051EEC465D00634893 /* MainViewController.swift */; };
		0A0659411EEEAC2800BFBBC4 /* hsk.gif in Resources */ = {isa = PBXBuildFile; fileRef = 0A0659401EEEAC2800BFBBC4 /* hsk.gif */; };
		0A0659481EEEAC4C00BFBBC4 /* UserNotifications.framework in Frameworks */ = {isa = PBXBuildFile; fileRef = 0A0659471EEEAC4C00BFBBC4 /* UserNotifications.framework */; };
		0A06594A1EEEAC4C00BFBBC4 /* UserNotificationsUI.framework in Frameworks */ = {isa = PBXBuildFile; fileRef = 0A0659491EEEAC4C00BFBBC4 /* UserNotificationsUI.framework */; };
		0A06594D1EEEAC4C00BFBBC4 /* NotificationViewController.swift in Sources */ = {isa = PBXBuildFile; fileRef = 0A06594C1EEEAC4C00BFBBC4 /* NotificationViewController.swift */; };
		0A0659501EEEAC4C00BFBBC4 /* MainInterface.storyboard in Resources */ = {isa = PBXBuildFile; fileRef = 0A06594E1EEEAC4C00BFBBC4 /* MainInterface.storyboard */; };
		0A0659541EEEAC4C00BFBBC4 /* NotificationContentExtension.appex in Embed App Extensions */ = {isa = PBXBuildFile; fileRef = 0A0659461EEEAC4C00BFBBC4 /* NotificationContentExtension.appex */; settings = {ATTRIBUTES = (RemoveHeadersOnCopy, ); }; };
		0E65CC281EEE879B0050F7D8 /* IndexRequestHandler.swift in Sources */ = {isa = PBXBuildFile; fileRef = 0E65CC271EEE879B0050F7D8 /* IndexRequestHandler.swift */; };
		0E65CC2C1EEE879B0050F7D8 /* Hackathon-spotlight.appex in Embed App Extensions */ = {isa = PBXBuildFile; fileRef = 0E65CC251EEE879B0050F7D8 /* Hackathon-spotlight.appex */; settings = {ATTRIBUTES = (RemoveHeadersOnCopy, ); }; };
		0E65CC361EEE8DD40050F7D8 /* SpotlightService.swift in Sources */ = {isa = PBXBuildFile; fileRef = 0E65CC351EEE8DD40050F7D8 /* SpotlightService.swift */; };
		0E65CC381EEE91560050F7D8 /* SpotlightService.swift in Sources */ = {isa = PBXBuildFile; fileRef = 0E65CC351EEE8DD40050F7D8 /* SpotlightService.swift */; };
		0E65CC3A1EEE969F0050F7D8 /* AppService.swift in Sources */ = {isa = PBXBuildFile; fileRef = 0680936E1EEE77D9001C9BAA /* AppService.swift */; };
		0EF5059F1EEE9CC30016E18F /* App.swift in Sources */ = {isa = PBXBuildFile; fileRef = 06AB36B51EEE7B5900E1F33D /* App.swift */; };
		0EF505A01EEE9CC90016E18F /* RealmSwift.framework in Frameworks */ = {isa = PBXBuildFile; fileRef = 06AB36B81EEE88AB00E1F33D /* RealmSwift.framework */; };
		0EF505A11EEE9CD30016E18F /* Alamofire.framework in Frameworks */ = {isa = PBXBuildFile; fileRef = 061CC6FE1EEC456100634893 /* Alamofire.framework */; };
		0EF505A31EEEA6610016E18F /* RealmService.swift in Sources */ = {isa = PBXBuildFile; fileRef = 06AB36BA1EEE8A0E00E1F33D /* RealmService.swift */; };
		0EF505A41EEEA8F60016E18F /* AppService.swift in Sources */ = {isa = PBXBuildFile; fileRef = 0680936E1EEE77D9001C9BAA /* AppService.swift */; };
		0EF505A51EEEA93A0016E18F /* SpotlightService.swift in Sources */ = {isa = PBXBuildFile; fileRef = 0E65CC351EEE8DD40050F7D8 /* SpotlightService.swift */; };
/* End PBXBuildFile section */

/* Begin PBXContainerItemProxy section */
		067ABE421EEE5BE600527112 /* PBXContainerItemProxy */ = {
			isa = PBXContainerItemProxy;
			containerPortal = 060F083C1E4D6B3900D9166F /* Project object */;
			proxyType = 1;
			remoteGlobalIDString = 067ABE371EEE5BE500527112;
			remoteInfo = "hackathon-today";
		};
		0A0659521EEEAC4C00BFBBC4 /* PBXContainerItemProxy */ = {
			isa = PBXContainerItemProxy;
			containerPortal = 060F083C1E4D6B3900D9166F /* Project object */;
			proxyType = 1;
			remoteGlobalIDString = 0A0659451EEEAC4C00BFBBC4;
			remoteInfo = NotificationContentExtension;
		};
		0E65CC2A1EEE879B0050F7D8 /* PBXContainerItemProxy */ = {
			isa = PBXContainerItemProxy;
			containerPortal = 060F083C1E4D6B3900D9166F /* Project object */;
			proxyType = 1;
			remoteGlobalIDString = 0E65CC241EEE879B0050F7D8;
			remoteInfo = "Hackathon-spotlight";
		};
/* End PBXContainerItemProxy section */

/* Begin PBXCopyFilesBuildPhase section */
		067ABE481EEE5BE600527112 /* Embed App Extensions */ = {
			isa = PBXCopyFilesBuildPhase;
			buildActionMask = 2147483647;
			dstPath = "";
			dstSubfolderSpec = 13;
			files = (
				067ABE441EEE5BE600527112 /* hackathon-today.appex in Embed App Extensions */,
				0A0659541EEEAC4C00BFBBC4 /* NotificationContentExtension.appex in Embed App Extensions */,
				0E65CC2C1EEE879B0050F7D8 /* Hackathon-spotlight.appex in Embed App Extensions */,
			);
			name = "Embed App Extensions";
			runOnlyForDeploymentPostprocessing = 0;
		};
/* End PBXCopyFilesBuildPhase section */

/* Begin PBXFileReference section */
		060F08441E4D6B3900D9166F /* Hackathon.app */ = {isa = PBXFileReference; explicitFileType = wrapper.application; includeInIndex = 0; path = Hackathon.app; sourceTree = BUILT_PRODUCTS_DIR; };
		060F085B1E4D6C9200D9166F /* AppDelegate.swift */ = {isa = PBXFileReference; fileEncoding = 4; lastKnownFileType = sourcecode.swift; path = AppDelegate.swift; sourceTree = "<group>"; };
		060F08651E4D6C9200D9166F /* Assets.xcassets */ = {isa = PBXFileReference; lastKnownFileType = folder.assetcatalog; path = Assets.xcassets; sourceTree = "<group>"; };
		060F08691E4D6C9200D9166F /* LaunchScreen.storyboard */ = {isa = PBXFileReference; fileEncoding = 4; lastKnownFileType = file.storyboard; path = LaunchScreen.storyboard; sourceTree = "<group>"; };
		060F086A1E4D6C9200D9166F /* Main.storyboard */ = {isa = PBXFileReference; fileEncoding = 4; lastKnownFileType = file.storyboard; path = Main.storyboard; sourceTree = "<group>"; };
		060F087C1E4D702C00D9166F /* Info.plist */ = {isa = PBXFileReference; fileEncoding = 4; lastKnownFileType = text.plist.xml; path = Info.plist; sourceTree = "<group>"; };
		061CC6EF1EEC436C00634893 /* DetailViewController.swift */ = {isa = PBXFileReference; lastKnownFileType = sourcecode.swift; path = DetailViewController.swift; sourceTree = "<group>"; };
		061CC6FE1EEC456100634893 /* Alamofire.framework */ = {isa = PBXFileReference; lastKnownFileType = wrapper.framework; name = Alamofire.framework; path = Carthage/Build/iOS/Alamofire.framework; sourceTree = "<group>"; };
		061CC6FF1EEC456100634893 /* TableViewTools.framework */ = {isa = PBXFileReference; lastKnownFileType = wrapper.framework; name = TableViewTools.framework; path = Carthage/Build/iOS/TableViewTools.framework; sourceTree = "<group>"; };
		061CC7001EEC456100634893 /* Framezilla.framework */ = {isa = PBXFileReference; lastKnownFileType = wrapper.framework; name = Framezilla.framework; path = Carthage/Build/iOS/Framezilla.framework; sourceTree = "<group>"; };
		061CC7051EEC465D00634893 /* MainViewController.swift */ = {isa = PBXFileReference; lastKnownFileType = sourcecode.swift; path = MainViewController.swift; sourceTree = "<group>"; };
		061CC7081EEC468700634893 /* AppTableViewCell.swift */ = {isa = PBXFileReference; lastKnownFileType = sourcecode.swift; path = AppTableViewCell.swift; sourceTree = "<group>"; };
		061CC70A1EEC469000634893 /* AppTableViewCellItem.swift */ = {isa = PBXFileReference; lastKnownFileType = sourcecode.swift; path = AppTableViewCellItem.swift; sourceTree = "<group>"; };
		067ABE381EEE5BE500527112 /* hackathon-today.appex */ = {isa = PBXFileReference; explicitFileType = "wrapper.app-extension"; includeInIndex = 0; path = "hackathon-today.appex"; sourceTree = BUILT_PRODUCTS_DIR; };
		067ABE391EEE5BE600527112 /* NotificationCenter.framework */ = {isa = PBXFileReference; lastKnownFileType = wrapper.framework; name = NotificationCenter.framework; path = System/Library/Frameworks/NotificationCenter.framework; sourceTree = SDKROOT; };
		067ABE3C1EEE5BE600527112 /* TodayViewController.swift */ = {isa = PBXFileReference; lastKnownFileType = sourcecode.swift; path = TodayViewController.swift; sourceTree = "<group>"; };
		067ABE411EEE5BE600527112 /* Info.plist */ = {isa = PBXFileReference; lastKnownFileType = text.plist.xml; path = Info.plist; sourceTree = "<group>"; };
		067ABE4A1EEE5F1D00527112 /* AppTableViewCell.swift */ = {isa = PBXFileReference; lastKnownFileType = sourcecode.swift; path = AppTableViewCell.swift; sourceTree = "<group>"; };
		067ABE4C1EEE5F7700527112 /* AppTableViewCellItem.swift */ = {isa = PBXFileReference; lastKnownFileType = sourcecode.swift; path = AppTableViewCellItem.swift; sourceTree = "<group>"; };
		0680936E1EEE77D9001C9BAA /* AppService.swift */ = {isa = PBXFileReference; fileEncoding = 4; lastKnownFileType = sourcecode.swift; path = AppService.swift; sourceTree = "<group>"; };
		06AB36B51EEE7B5900E1F33D /* App.swift */ = {isa = PBXFileReference; fileEncoding = 4; lastKnownFileType = sourcecode.swift; path = App.swift; sourceTree = "<group>"; };
		06AB36B71EEE840700E1F33D /* Hackathon.entitlements */ = {isa = PBXFileReference; lastKnownFileType = text.plist.entitlements; path = Hackathon.entitlements; sourceTree = "<group>"; };
		06AB36B81EEE88AB00E1F33D /* RealmSwift.framework */ = {isa = PBXFileReference; lastKnownFileType = wrapper.framework; name = RealmSwift.framework; path = Carthage/Build/iOS/RealmSwift.framework; sourceTree = "<group>"; };
		06AB36BA1EEE8A0E00E1F33D /* RealmService.swift */ = {isa = PBXFileReference; fileEncoding = 4; lastKnownFileType = sourcecode.swift; path = RealmService.swift; sourceTree = "<group>"; };
		06AB36BE1EEE94BF00E1F33D /* hackathon-today.entitlements */ = {isa = PBXFileReference; lastKnownFileType = text.plist.entitlements; path = "hackathon-today.entitlements"; sourceTree = "<group>"; };
		0A0659401EEEAC2800BFBBC4 /* hsk.gif */ = {isa = PBXFileReference; lastKnownFileType = image.gif; path = hsk.gif; sourceTree = "<group>"; };
		0A0659461EEEAC4C00BFBBC4 /* NotificationContentExtension.appex */ = {isa = PBXFileReference; explicitFileType = "wrapper.app-extension"; includeInIndex = 0; path = NotificationContentExtension.appex; sourceTree = BUILT_PRODUCTS_DIR; };
		0A0659471EEEAC4C00BFBBC4 /* UserNotifications.framework */ = {isa = PBXFileReference; lastKnownFileType = wrapper.framework; name = UserNotifications.framework; path = System/Library/Frameworks/UserNotifications.framework; sourceTree = SDKROOT; };
		0A0659491EEEAC4C00BFBBC4 /* UserNotificationsUI.framework */ = {isa = PBXFileReference; lastKnownFileType = wrapper.framework; name = UserNotificationsUI.framework; path = System/Library/Frameworks/UserNotificationsUI.framework; sourceTree = SDKROOT; };
		0A06594C1EEEAC4C00BFBBC4 /* NotificationViewController.swift */ = {isa = PBXFileReference; lastKnownFileType = sourcecode.swift; path = NotificationViewController.swift; sourceTree = "<group>"; };
		0A06594F1EEEAC4C00BFBBC4 /* Base */ = {isa = PBXFileReference; lastKnownFileType = file.storyboard; name = Base; path = Base.lproj/MainInterface.storyboard; sourceTree = "<group>"; };
		0A0659511EEEAC4C00BFBBC4 /* Info.plist */ = {isa = PBXFileReference; lastKnownFileType = text.plist.xml; path = Info.plist; sourceTree = "<group>"; };
		0E65CC251EEE879B0050F7D8 /* Hackathon-spotlight.appex */ = {isa = PBXFileReference; explicitFileType = "wrapper.app-extension"; includeInIndex = 0; path = "Hackathon-spotlight.appex"; sourceTree = BUILT_PRODUCTS_DIR; };
		0E65CC271EEE879B0050F7D8 /* IndexRequestHandler.swift */ = {isa = PBXFileReference; lastKnownFileType = sourcecode.swift; path = IndexRequestHandler.swift; sourceTree = "<group>"; };
		0E65CC291EEE879B0050F7D8 /* Info.plist */ = {isa = PBXFileReference; lastKnownFileType = text.plist.xml; path = Info.plist; sourceTree = "<group>"; };
		0E65CC351EEE8DD40050F7D8 /* SpotlightService.swift */ = {isa = PBXFileReference; fileEncoding = 4; lastKnownFileType = sourcecode.swift; path = SpotlightService.swift; sourceTree = "<group>"; };
		0EF505A21EEEA2D00016E18F /* Hackathon-spotlight.entitlements */ = {isa = PBXFileReference; lastKnownFileType = text.plist.entitlements; path = "Hackathon-spotlight.entitlements"; sourceTree = "<group>"; };
/* End PBXFileReference section */

/* Begin PBXFrameworksBuildPhase section */
		060F08411E4D6B3900D9166F /* Frameworks */ = {
			isa = PBXFrameworksBuildPhase;
			buildActionMask = 2147483647;
			files = (
				06AB36B91EEE88AB00E1F33D /* RealmSwift.framework in Frameworks */,
				061CC7011EEC458900634893 /* Alamofire.framework in Frameworks */,
				061CC7021EEC458900634893 /* Framezilla.framework in Frameworks */,
				061CC7031EEC458900634893 /* TableViewTools.framework in Frameworks */,
			);
			runOnlyForDeploymentPostprocessing = 0;
		};
		067ABE351EEE5BE500527112 /* Frameworks */ = {
			isa = PBXFrameworksBuildPhase;
			buildActionMask = 2147483647;
			files = (
				068093701EEE77E7001C9BAA /* Alamofire.framework in Frameworks */,
				067ABE491EEE5EB700527112 /* TableViewTools.framework in Frameworks */,
				067ABE3A1EEE5BE600527112 /* NotificationCenter.framework in Frameworks */,
			);
			runOnlyForDeploymentPostprocessing = 0;
		};
		0A0659431EEEAC4C00BFBBC4 /* Frameworks */ = {
			isa = PBXFrameworksBuildPhase;
			buildActionMask = 2147483647;
			files = (
				0A06594A1EEEAC4C00BFBBC4 /* UserNotificationsUI.framework in Frameworks */,
				0A0659481EEEAC4C00BFBBC4 /* UserNotifications.framework in Frameworks */,
			);
			runOnlyForDeploymentPostprocessing = 0;
		};
		0E65CC221EEE879B0050F7D8 /* Frameworks */ = {
			isa = PBXFrameworksBuildPhase;
			buildActionMask = 2147483647;
			files = (
				0EF505A01EEE9CC90016E18F /* RealmSwift.framework in Frameworks */,
				0EF505A11EEE9CD30016E18F /* Alamofire.framework in Frameworks */,
			);
			runOnlyForDeploymentPostprocessing = 0;
		};
/* End PBXFrameworksBuildPhase section */

/* Begin PBXGroup section */
		060F083B1E4D6B3900D9166F = {
			isa = PBXGroup;
			children = (
				060F08591E4D6C9200D9166F /* Classes */,
				060F08641E4D6C9200D9166F /* Resources */,
				060F08681E4D6C9200D9166F /* Storyboards */,
				060F087B1E4D702C00D9166F /* Hackathon */,
				067ABE3B1EEE5BE600527112 /* hackathon-today */,
				0E65CC261EEE879B0050F7D8 /* Hackathon-spotlight */,
				0A06594B1EEEAC4C00BFBBC4 /* NotificationContentExtension */,
				060F08451E4D6B3900D9166F /* Products */,
				061CC6FD1EEC456000634893 /* Frameworks */,
			);
			sourceTree = "<group>";
		};
		060F08451E4D6B3900D9166F /* Products */ = {
			isa = PBXGroup;
			children = (
				060F08441E4D6B3900D9166F /* Hackathon.app */,
				067ABE381EEE5BE500527112 /* hackathon-today.appex */,
				0E65CC251EEE879B0050F7D8 /* Hackathon-spotlight.appex */,
				0A0659461EEEAC4C00BFBBC4 /* NotificationContentExtension.appex */,
			);
			name = Products;
			sourceTree = "<group>";
		};
		060F08591E4D6C9200D9166F /* Classes */ = {
			isa = PBXGroup;
			children = (
				060F085A1E4D6C9200D9166F /* AppDelegate */,
				060F085C1E4D6C9200D9166F /* BusinessLogic */,
				060F089C1E4D79C000D9166F /* Core */,
				060F08611E4D6C9200D9166F /* Presentation */,
			);
			path = Classes;
			sourceTree = "<group>";
		};
		060F085A1E4D6C9200D9166F /* AppDelegate */ = {
			isa = PBXGroup;
			children = (
				060F085B1E4D6C9200D9166F /* AppDelegate.swift */,
			);
			path = AppDelegate;
			sourceTree = "<group>";
		};
		060F085C1E4D6C9200D9166F /* BusinessLogic */ = {
			isa = PBXGroup;
			children = (
				060F08761E4D6CDF00D9166F /* Models */,
				060F085F1E4D6C9200D9166F /* Services */,
			);
			path = BusinessLogic;
			sourceTree = "<group>";
		};
		060F085F1E4D6C9200D9166F /* Services */ = {
			isa = PBXGroup;
			children = (
				0E65CC351EEE8DD40050F7D8 /* SpotlightService.swift */,
				0680936E1EEE77D9001C9BAA /* AppService.swift */,
				06AB36BA1EEE8A0E00E1F33D /* RealmService.swift */,
			);
			path = Services;
			sourceTree = "<group>";
		};
		060F08611E4D6C9200D9166F /* Presentation */ = {
			isa = PBXGroup;
			children = (
				060F08621E4D6C9200D9166F /* Modules */,
			);
			path = Presentation;
			sourceTree = "<group>";
		};
		060F08621E4D6C9200D9166F /* Modules */ = {
			isa = PBXGroup;
			children = (
				061CC7041EEC465D00634893 /* Main */,
				061CC6EF1EEC436C00634893 /* DetailViewController.swift */,
			);
			path = Modules;
			sourceTree = "<group>";
		};
		060F08641E4D6C9200D9166F /* Resources */ = {
			isa = PBXGroup;
			children = (
				060F08651E4D6C9200D9166F /* Assets.xcassets */,
				0A0659401EEEAC2800BFBBC4 /* hsk.gif */,
			);
			path = Resources;
			sourceTree = "<group>";
		};
		060F08681E4D6C9200D9166F /* Storyboards */ = {
			isa = PBXGroup;
			children = (
				060F08691E4D6C9200D9166F /* LaunchScreen.storyboard */,
				060F086A1E4D6C9200D9166F /* Main.storyboard */,
			);
			path = Storyboards;
			sourceTree = "<group>";
		};
		060F08761E4D6CDF00D9166F /* Models */ = {
			isa = PBXGroup;
			children = (
				06AB36B51EEE7B5900E1F33D /* App.swift */,
			);
			path = Models;
			sourceTree = "<group>";
		};
		060F087B1E4D702C00D9166F /* Hackathon */ = {
			isa = PBXGroup;
			children = (
				06AB36B71EEE840700E1F33D /* Hackathon.entitlements */,
				060F087C1E4D702C00D9166F /* Info.plist */,
			);
			path = Hackathon;
			sourceTree = "<group>";
		};
		060F089C1E4D79C000D9166F /* Core */ = {
			isa = PBXGroup;
			children = (
			);
			path = Core;
			sourceTree = "<group>";
		};
		061CC6FD1EEC456000634893 /* Frameworks */ = {
			isa = PBXGroup;
			children = (
				06AB36B81EEE88AB00E1F33D /* RealmSwift.framework */,
				061CC6FE1EEC456100634893 /* Alamofire.framework */,
				061CC7001EEC456100634893 /* Framezilla.framework */,
				061CC6FF1EEC456100634893 /* TableViewTools.framework */,
				067ABE391EEE5BE600527112 /* NotificationCenter.framework */,
				0A0659471EEEAC4C00BFBBC4 /* UserNotifications.framework */,
				0A0659491EEEAC4C00BFBBC4 /* UserNotificationsUI.framework */,
			);
			name = Frameworks;
			sourceTree = "<group>";
		};
		061CC7041EEC465D00634893 /* Main */ = {
			isa = PBXGroup;
			children = (
				061CC7061EEC466D00634893 /* Submodules */,
				061CC7051EEC465D00634893 /* MainViewController.swift */,
			);
			path = Main;
			sourceTree = "<group>";
		};
		061CC7061EEC466D00634893 /* Submodules */ = {
			isa = PBXGroup;
			children = (
				061CC7071EEC467800634893 /* AppCell */,
			);
			path = Submodules;
			sourceTree = "<group>";
		};
		061CC7071EEC467800634893 /* AppCell */ = {
			isa = PBXGroup;
			children = (
				061CC7081EEC468700634893 /* AppTableViewCell.swift */,
				061CC70A1EEC469000634893 /* AppTableViewCellItem.swift */,
			);
			path = AppCell;
			sourceTree = "<group>";
		};
		067ABE3B1EEE5BE600527112 /* hackathon-today */ = {
			isa = PBXGroup;
			children = (
				06AB36BE1EEE94BF00E1F33D /* hackathon-today.entitlements */,
				067ABE3C1EEE5BE600527112 /* TodayViewController.swift */,
				067ABE411EEE5BE600527112 /* Info.plist */,
				067ABE4A1EEE5F1D00527112 /* AppTableViewCell.swift */,
				067ABE4C1EEE5F7700527112 /* AppTableViewCellItem.swift */,
			);
			path = "hackathon-today";
			sourceTree = "<group>";
		};
		0A06594B1EEEAC4C00BFBBC4 /* NotificationContentExtension */ = {
			isa = PBXGroup;
			children = (
				0A06594C1EEEAC4C00BFBBC4 /* NotificationViewController.swift */,
				0A06594E1EEEAC4C00BFBBC4 /* MainInterface.storyboard */,
				0A0659511EEEAC4C00BFBBC4 /* Info.plist */,
			);
			path = NotificationContentExtension;
			sourceTree = "<group>";
		};
		0E65CC261EEE879B0050F7D8 /* Hackathon-spotlight */ = {
			isa = PBXGroup;
			children = (
				0EF505A21EEEA2D00016E18F /* Hackathon-spotlight.entitlements */,
				0E65CC271EEE879B0050F7D8 /* IndexRequestHandler.swift */,
				0E65CC291EEE879B0050F7D8 /* Info.plist */,
			);
			path = "Hackathon-spotlight";
			sourceTree = "<group>";
		};
/* End PBXGroup section */

/* Begin PBXNativeTarget section */
		060F08431E4D6B3900D9166F /* Hackathon */ = {
			isa = PBXNativeTarget;
			buildConfigurationList = 060F08561E4D6B3900D9166F /* Build configuration list for PBXNativeTarget "Hackathon" */;
			buildPhases = (
				060F08401E4D6B3900D9166F /* Sources */,
				060F08411E4D6B3900D9166F /* Frameworks */,
				060F08421E4D6B3900D9166F /* Resources */,
				060F08791E4D6CF100D9166F /* SwiftLint */,
				060F087A1E4D6D2100D9166F /* Carthage */,
				067ABE481EEE5BE600527112 /* Embed App Extensions */,
			);
			buildRules = (
			);
			dependencies = (
				067ABE431EEE5BE600527112 /* PBXTargetDependency */,
				0E65CC2B1EEE879B0050F7D8 /* PBXTargetDependency */,
				0A0659531EEEAC4C00BFBBC4 /* PBXTargetDependency */,
			);
			name = Hackathon;
			productName = Template;
			productReference = 060F08441E4D6B3900D9166F /* Hackathon.app */;
			productType = "com.apple.product-type.application";
		};
		067ABE371EEE5BE500527112 /* hackathon-today */ = {
			isa = PBXNativeTarget;
			buildConfigurationList = 067ABE471EEE5BE600527112 /* Build configuration list for PBXNativeTarget "hackathon-today" */;
			buildPhases = (
				067ABE341EEE5BE500527112 /* Sources */,
				067ABE351EEE5BE500527112 /* Frameworks */,
				067ABE361EEE5BE500527112 /* Resources */,
			);
			buildRules = (
			);
			dependencies = (
			);
			name = "hackathon-today";
			productName = "hackathon-today";
			productReference = 067ABE381EEE5BE500527112 /* hackathon-today.appex */;
			productType = "com.apple.product-type.app-extension";
		};
		0A0659451EEEAC4C00BFBBC4 /* NotificationContentExtension */ = {
			isa = PBXNativeTarget;
			buildConfigurationList = 0A0659551EEEAC4C00BFBBC4 /* Build configuration list for PBXNativeTarget "NotificationContentExtension" */;
			buildPhases = (
				0A0659421EEEAC4C00BFBBC4 /* Sources */,
				0A0659431EEEAC4C00BFBBC4 /* Frameworks */,
				0A0659441EEEAC4C00BFBBC4 /* Resources */,
			);
			buildRules = (
			);
			dependencies = (
			);
			name = NotificationContentExtension;
			productName = NotificationContentExtension;
			productReference = 0A0659461EEEAC4C00BFBBC4 /* NotificationContentExtension.appex */;
			productType = "com.apple.product-type.app-extension";
		};
		0E65CC241EEE879B0050F7D8 /* Hackathon-spotlight */ = {
			isa = PBXNativeTarget;
			buildConfigurationList = 0E65CC2D1EEE879B0050F7D8 /* Build configuration list for PBXNativeTarget "Hackathon-spotlight" */;
			buildPhases = (
				0E65CC211EEE879B0050F7D8 /* Sources */,
				0E65CC221EEE879B0050F7D8 /* Frameworks */,
				0E65CC231EEE879B0050F7D8 /* Resources */,
			);
			buildRules = (
			);
			dependencies = (
			);
			name = "Hackathon-spotlight";
			productName = "Hackathon-spotlight";
			productReference = 0E65CC251EEE879B0050F7D8 /* Hackathon-spotlight.appex */;
			productType = "com.apple.product-type.app-extension";
		};
/* End PBXNativeTarget section */

/* Begin PBXProject section */
		060F083C1E4D6B3900D9166F /* Project object */ = {
			isa = PBXProject;
			attributes = {
				LastSwiftUpdateCheck = 0830;
				LastUpgradeCheck = 0820;
				ORGANIZATIONNAME = Rosberry;
				TargetAttributes = {
					060F08431E4D6B3900D9166F = {
						CreatedOnToolsVersion = 8.2.1;
						DevelopmentTeam = GPVA8JVMU3;
						ProvisioningStyle = Automatic;
						SystemCapabilities = {
							com.apple.ApplicationGroups.iOS = {
								enabled = 1;
							};
						};
					};
					067ABE371EEE5BE500527112 = {
						CreatedOnToolsVersion = 9.0;
						DevelopmentTeam = GPVA8JVMU3;
						SystemCapabilities = {
							com.apple.ApplicationGroups.iOS = {
								enabled = 1;
							};
						};
					};
					0A0659451EEEAC4C00BFBBC4 = {
						CreatedOnToolsVersion = 8.3.3;
						DevelopmentTeam = GPVA8JVMU3;
						ProvisioningStyle = Automatic;
					};
					0E65CC241EEE879B0050F7D8 = {
						CreatedOnToolsVersion = 8.3.2;
						DevelopmentTeam = GPVA8JVMU3;
						ProvisioningStyle = Automatic;
						SystemCapabilities = {
							com.apple.ApplicationGroups.iOS = {
								enabled = 1;
							};
						};
					};
				};
			};
			buildConfigurationList = 060F083F1E4D6B3900D9166F /* Build configuration list for PBXProject "Hackathon" */;
			compatibilityVersion = "Xcode 3.2";
			developmentRegion = English;
			hasScannedForEncodings = 0;
			knownRegions = (
				en,
				Base,
			);
			mainGroup = 060F083B1E4D6B3900D9166F;
			productRefGroup = 060F08451E4D6B3900D9166F /* Products */;
			projectDirPath = "";
			projectRoot = "";
			targets = (
				060F08431E4D6B3900D9166F /* Hackathon */,
				067ABE371EEE5BE500527112 /* hackathon-today */,
				0E65CC241EEE879B0050F7D8 /* Hackathon-spotlight */,
				0A0659451EEEAC4C00BFBBC4 /* NotificationContentExtension */,
			);
		};
/* End PBXProject section */

/* Begin PBXResourcesBuildPhase section */
		060F08421E4D6B3900D9166F /* Resources */ = {
			isa = PBXResourcesBuildPhase;
			buildActionMask = 2147483647;
			files = (
				060F08741E4D6C9200D9166F /* Main.storyboard in Resources */,
				060F08731E4D6C9200D9166F /* LaunchScreen.storyboard in Resources */,
				0A0659411EEEAC2800BFBBC4 /* hsk.gif in Resources */,
				060F08711E4D6C9200D9166F /* Assets.xcassets in Resources */,
			);
			runOnlyForDeploymentPostprocessing = 0;
		};
		067ABE361EEE5BE500527112 /* Resources */ = {
			isa = PBXResourcesBuildPhase;
			buildActionMask = 2147483647;
			files = (
			);
			runOnlyForDeploymentPostprocessing = 0;
		};
		0A0659441EEEAC4C00BFBBC4 /* Resources */ = {
			isa = PBXResourcesBuildPhase;
			buildActionMask = 2147483647;
			files = (
				0A0659501EEEAC4C00BFBBC4 /* MainInterface.storyboard in Resources */,
			);
			runOnlyForDeploymentPostprocessing = 0;
		};
		0E65CC231EEE879B0050F7D8 /* Resources */ = {
			isa = PBXResourcesBuildPhase;
			buildActionMask = 2147483647;
			files = (
			);
			runOnlyForDeploymentPostprocessing = 0;
		};
/* End PBXResourcesBuildPhase section */

/* Begin PBXShellScriptBuildPhase section */
		060F08791E4D6CF100D9166F /* SwiftLint */ = {
			isa = PBXShellScriptBuildPhase;
			buildActionMask = 2147483647;
			files = (
			);
			inputPaths = (
			);
			name = SwiftLint;
			outputPaths = (
			);
			runOnlyForDeploymentPostprocessing = 0;
			shellPath = /bin/sh;
			shellScript = ./Scripts/swiftlint_script.sh;
		};
		060F087A1E4D6D2100D9166F /* Carthage */ = {
			isa = PBXShellScriptBuildPhase;
			buildActionMask = 2147483647;
			files = (
			);
			inputPaths = (
				"$(SRCROOT)/Carthage/Build/iOS/Alamofire.framework",
				"$(SRCROOT)/Carthage/Build/iOS/Framezilla.framework",
				"$(SRCROOT)/Carthage/Build/iOS/TableViewTools.framework",
				"$(SRCROOT)/Carthage/Build/iOS/RealmSwift.framework",
				"$(SRCROOT)/Carthage/Build/iOS/Realm.framework",
			);
			name = Carthage;
			outputPaths = (
			);
			runOnlyForDeploymentPostprocessing = 0;
			shellPath = /bin/sh;
			shellScript = "/usr/local/bin/carthage copy-frameworks";
		};
/* End PBXShellScriptBuildPhase section */

/* Begin PBXSourcesBuildPhase section */
		060F08401E4D6B3900D9166F /* Sources */ = {
			isa = PBXSourcesBuildPhase;
			buildActionMask = 2147483647;
			files = (
				0E65CC361EEE8DD40050F7D8 /* SpotlightService.swift in Sources */,
				061CC70B1EEC469000634893 /* AppTableViewCellItem.swift in Sources */,
				0680936F1EEE77D9001C9BAA /* AppService.swift in Sources */,
				061CC6F01EEC436C00634893 /* DetailViewController.swift in Sources */,
				060F086D1E4D6C9200D9166F /* AppDelegate.swift in Sources */,
				061CC7091EEC468700634893 /* AppTableViewCell.swift in Sources */,
				06AB36B61EEE7B5900E1F33D /* App.swift in Sources */,
				06CBEB711EEC486300E3EEE4 /* MainViewController.swift in Sources */,
				06AB36BB1EEE8A0E00E1F33D /* RealmService.swift in Sources */,
			);
			runOnlyForDeploymentPostprocessing = 0;
		};
		067ABE341EEE5BE500527112 /* Sources */ = {
			isa = PBXSourcesBuildPhase;
			buildActionMask = 2147483647;
			files = (
				067ABE4D1EEE5F7700527112 /* AppTableViewCellItem.swift in Sources */,
				0EF505A41EEEA8F60016E18F /* AppService.swift in Sources */,
				067ABE3D1EEE5BE600527112 /* TodayViewController.swift in Sources */,
				067ABE4B1EEE5F1D00527112 /* AppTableViewCell.swift in Sources */,
				0EF505A51EEEA93A0016E18F /* SpotlightService.swift in Sources */,
				06AB36BD1EEE8EDB00E1F33D /* App.swift in Sources */,
				06AB36BC1EEE8A0E00E1F33D /* RealmService.swift in Sources */,
			);
			runOnlyForDeploymentPostprocessing = 0;
		};
		0A0659421EEEAC4C00BFBBC4 /* Sources */ = {
			isa = PBXSourcesBuildPhase;
			buildActionMask = 2147483647;
			files = (
				0A06594D1EEEAC4C00BFBBC4 /* NotificationViewController.swift in Sources */,
			);
			runOnlyForDeploymentPostprocessing = 0;
		};
		0E65CC211EEE879B0050F7D8 /* Sources */ = {
			isa = PBXSourcesBuildPhase;
			buildActionMask = 2147483647;
			files = (
				0E65CC3A1EEE969F0050F7D8 /* AppService.swift in Sources */,
				0EF5059F1EEE9CC30016E18F /* App.swift in Sources */,
				0E65CC381EEE91560050F7D8 /* SpotlightService.swift in Sources */,
				0E65CC281EEE879B0050F7D8 /* IndexRequestHandler.swift in Sources */,
				0EF505A31EEEA6610016E18F /* RealmService.swift in Sources */,
			);
			runOnlyForDeploymentPostprocessing = 0;
		};
/* End PBXSourcesBuildPhase section */

/* Begin PBXTargetDependency section */
		067ABE431EEE5BE600527112 /* PBXTargetDependency */ = {
			isa = PBXTargetDependency;
			target = 067ABE371EEE5BE500527112 /* hackathon-today */;
			targetProxy = 067ABE421EEE5BE600527112 /* PBXContainerItemProxy */;
		};
		0A0659531EEEAC4C00BFBBC4 /* PBXTargetDependency */ = {
			isa = PBXTargetDependency;
			target = 0A0659451EEEAC4C00BFBBC4 /* NotificationContentExtension */;
			targetProxy = 0A0659521EEEAC4C00BFBBC4 /* PBXContainerItemProxy */;
		};
		0E65CC2B1EEE879B0050F7D8 /* PBXTargetDependency */ = {
			isa = PBXTargetDependency;
			target = 0E65CC241EEE879B0050F7D8 /* Hackathon-spotlight */;
			targetProxy = 0E65CC2A1EEE879B0050F7D8 /* PBXContainerItemProxy */;
		};
/* End PBXTargetDependency section */

/* Begin PBXVariantGroup section */
		0A06594E1EEEAC4C00BFBBC4 /* MainInterface.storyboard */ = {
			isa = PBXVariantGroup;
			children = (
				0A06594F1EEEAC4C00BFBBC4 /* Base */,
			);
			name = MainInterface.storyboard;
			sourceTree = "<group>";
		};
/* End PBXVariantGroup section */

/* Begin XCBuildConfiguration section */
		060F08541E4D6B3900D9166F /* Debug */ = {
			isa = XCBuildConfiguration;
			buildSettings = {
				ALWAYS_SEARCH_USER_PATHS = NO;
				CLANG_ANALYZER_NONNULL = YES;
				CLANG_CXX_LANGUAGE_STANDARD = "gnu++0x";
				CLANG_CXX_LIBRARY = "libc++";
				CLANG_ENABLE_MODULES = YES;
				CLANG_ENABLE_OBJC_ARC = YES;
				CLANG_WARN_BOOL_CONVERSION = YES;
				CLANG_WARN_CONSTANT_CONVERSION = YES;
				CLANG_WARN_DIRECT_OBJC_ISA_USAGE = YES_ERROR;
				CLANG_WARN_DOCUMENTATION_COMMENTS = YES;
				CLANG_WARN_EMPTY_BODY = YES;
				CLANG_WARN_ENUM_CONVERSION = YES;
				CLANG_WARN_INFINITE_RECURSION = YES;
				CLANG_WARN_INT_CONVERSION = YES;
				CLANG_WARN_OBJC_ROOT_CLASS = YES_ERROR;
				CLANG_WARN_SUSPICIOUS_MOVE = YES;
				CLANG_WARN_UNREACHABLE_CODE = YES;
				CLANG_WARN__DUPLICATE_METHOD_MATCH = YES;
				"CODE_SIGN_IDENTITY[sdk=iphoneos*]" = "iPhone Developer";
				COPY_PHASE_STRIP = NO;
				DEBUG_INFORMATION_FORMAT = dwarf;
				ENABLE_STRICT_OBJC_MSGSEND = YES;
				ENABLE_TESTABILITY = YES;
				GCC_C_LANGUAGE_STANDARD = gnu99;
				GCC_DYNAMIC_NO_PIC = NO;
				GCC_NO_COMMON_BLOCKS = YES;
				GCC_OPTIMIZATION_LEVEL = 0;
				GCC_PREPROCESSOR_DEFINITIONS = (
					"DEBUG=1",
					"$(inherited)",
				);
				GCC_WARN_64_TO_32_BIT_CONVERSION = YES;
				GCC_WARN_ABOUT_RETURN_TYPE = YES_ERROR;
				GCC_WARN_UNDECLARED_SELECTOR = YES;
				GCC_WARN_UNINITIALIZED_AUTOS = YES_AGGRESSIVE;
				GCC_WARN_UNUSED_FUNCTION = YES;
				GCC_WARN_UNUSED_VARIABLE = YES;
				IPHONEOS_DEPLOYMENT_TARGET = 9.0;
				MTL_ENABLE_DEBUG_INFO = YES;
				ONLY_ACTIVE_ARCH = YES;
				SDKROOT = iphoneos;
				SWIFT_ACTIVE_COMPILATION_CONDITIONS = DEBUG;
				SWIFT_OPTIMIZATION_LEVEL = "-Onone";
				TARGETED_DEVICE_FAMILY = "1,2";
			};
			name = Debug;
		};
		060F08551E4D6B3900D9166F /* Release */ = {
			isa = XCBuildConfiguration;
			buildSettings = {
				ALWAYS_SEARCH_USER_PATHS = NO;
				CLANG_ANALYZER_NONNULL = YES;
				CLANG_CXX_LANGUAGE_STANDARD = "gnu++0x";
				CLANG_CXX_LIBRARY = "libc++";
				CLANG_ENABLE_MODULES = YES;
				CLANG_ENABLE_OBJC_ARC = YES;
				CLANG_WARN_BOOL_CONVERSION = YES;
				CLANG_WARN_CONSTANT_CONVERSION = YES;
				CLANG_WARN_DIRECT_OBJC_ISA_USAGE = YES_ERROR;
				CLANG_WARN_DOCUMENTATION_COMMENTS = YES;
				CLANG_WARN_EMPTY_BODY = YES;
				CLANG_WARN_ENUM_CONVERSION = YES;
				CLANG_WARN_INFINITE_RECURSION = YES;
				CLANG_WARN_INT_CONVERSION = YES;
				CLANG_WARN_OBJC_ROOT_CLASS = YES_ERROR;
				CLANG_WARN_SUSPICIOUS_MOVE = YES;
				CLANG_WARN_UNREACHABLE_CODE = YES;
				CLANG_WARN__DUPLICATE_METHOD_MATCH = YES;
				"CODE_SIGN_IDENTITY[sdk=iphoneos*]" = "iPhone Developer";
				COPY_PHASE_STRIP = NO;
				DEBUG_INFORMATION_FORMAT = "dwarf-with-dsym";
				ENABLE_NS_ASSERTIONS = NO;
				ENABLE_STRICT_OBJC_MSGSEND = YES;
				GCC_C_LANGUAGE_STANDARD = gnu99;
				GCC_NO_COMMON_BLOCKS = YES;
				GCC_WARN_64_TO_32_BIT_CONVERSION = YES;
				GCC_WARN_ABOUT_RETURN_TYPE = YES_ERROR;
				GCC_WARN_UNDECLARED_SELECTOR = YES;
				GCC_WARN_UNINITIALIZED_AUTOS = YES_AGGRESSIVE;
				GCC_WARN_UNUSED_FUNCTION = YES;
				GCC_WARN_UNUSED_VARIABLE = YES;
				IPHONEOS_DEPLOYMENT_TARGET = 9.0;
				MTL_ENABLE_DEBUG_INFO = NO;
				SDKROOT = iphoneos;
				SWIFT_OPTIMIZATION_LEVEL = "-Owholemodule";
				TARGETED_DEVICE_FAMILY = "1,2";
				VALIDATE_PRODUCT = YES;
			};
			name = Release;
		};
		060F08571E4D6B3900D9166F /* Debug */ = {
			isa = XCBuildConfiguration;
			buildSettings = {
				ALWAYS_EMBED_SWIFT_STANDARD_LIBRARIES = YES;
				ASSETCATALOG_COMPILER_APPICON_NAME = AppIcon;
				CODE_SIGN_ENTITLEMENTS = Hackathon/Hackathon.entitlements;
				"CODE_SIGN_IDENTITY[sdk=iphoneos*]" = "iPhone Developer";
				DEVELOPMENT_TEAM = GPVA8JVMU3;
				FRAMEWORK_SEARCH_PATHS = (
					"$(inherited)",
					"$(PROJECT_DIR)/Carthage/Build/iOS",
				);
				INFOPLIST_FILE = Hackathon/Info.plist;
				IPHONEOS_DEPLOYMENT_TARGET = 9.0;
				LD_RUNPATH_SEARCH_PATHS = "$(inherited) @executable_path/Frameworks";
				PRODUCT_BUNDLE_IDENTIFIER = com.rosberry.hackathon;
				PRODUCT_NAME = "$(TARGET_NAME)";
				PROVISIONING_PROFILE_SPECIFIER = "";
				SWIFT_VERSION = 3.0;
			};
			name = Debug;
		};
		060F08581E4D6B3900D9166F /* Release */ = {
			isa = XCBuildConfiguration;
			buildSettings = {
				ALWAYS_EMBED_SWIFT_STANDARD_LIBRARIES = YES;
				ASSETCATALOG_COMPILER_APPICON_NAME = AppIcon;
				CODE_SIGN_ENTITLEMENTS = Hackathon/Hackathon.entitlements;
				"CODE_SIGN_IDENTITY[sdk=iphoneos*]" = "iPhone Developer";
				DEVELOPMENT_TEAM = GPVA8JVMU3;
				FRAMEWORK_SEARCH_PATHS = (
					"$(inherited)",
					"$(PROJECT_DIR)/Carthage/Build/iOS",
				);
				INFOPLIST_FILE = Hackathon/Info.plist;
				IPHONEOS_DEPLOYMENT_TARGET = 9.0;
				LD_RUNPATH_SEARCH_PATHS = "$(inherited) @executable_path/Frameworks";
				PRODUCT_BUNDLE_IDENTIFIER = com.rosberry.hackathon;
				PRODUCT_NAME = "$(TARGET_NAME)";
				PROVISIONING_PROFILE_SPECIFIER = "";
				SWIFT_VERSION = 3.0;
			};
			name = Release;
		};
		067ABE451EEE5BE600527112 /* Debug */ = {
			isa = XCBuildConfiguration;
			buildSettings = {
				CLANG_ANALYZER_NUMBER_OBJECT_CONVERSION = YES_AGGRESSIVE;
				CLANG_CXX_LANGUAGE_STANDARD = "gnu++14";
				CLANG_WARN_BLOCK_CAPTURE_AUTORELEASING = YES;
				CLANG_WARN_COMMA = YES;
				CLANG_WARN_RANGE_LOOP_ANALYSIS = YES;
				CLANG_WARN_STRICT_PROTOTYPES = YES;
				CLANG_WARN_UNGUARDED_AVAILABILITY = YES_AGGRESSIVE;
				CODE_SIGN_ENTITLEMENTS = "hackathon-today/hackathon-today.entitlements";
				CODE_SIGN_IDENTITY = "iPhone Developer";
				DEVELOPMENT_TEAM = GPVA8JVMU3;
				FRAMEWORK_SEARCH_PATHS = (
					"$(inherited)",
					"$(PROJECT_DIR)/Carthage/Build/iOS",
				);
				GCC_C_LANGUAGE_STANDARD = gnu11;
				INFOPLIST_FILE = "hackathon-today/Info.plist";
				IPHONEOS_DEPLOYMENT_TARGET = 10.0;
				LD_RUNPATH_SEARCH_PATHS = "$(inherited) @executable_path/Frameworks @executable_path/../../Frameworks";
				PRODUCT_BUNDLE_IDENTIFIER = "com.rosberry.hackathon.hackathon-today";
				PRODUCT_NAME = "$(TARGET_NAME)";
				SKIP_INSTALL = YES;
				SWIFT_VERSION = 3.0;
				TARGETED_DEVICE_FAMILY = "1,2";
			};
			name = Debug;
		};
		067ABE461EEE5BE600527112 /* Release */ = {
			isa = XCBuildConfiguration;
			buildSettings = {
				CLANG_ANALYZER_NUMBER_OBJECT_CONVERSION = YES_AGGRESSIVE;
				CLANG_CXX_LANGUAGE_STANDARD = "gnu++14";
				CLANG_WARN_BLOCK_CAPTURE_AUTORELEASING = YES;
				CLANG_WARN_COMMA = YES;
				CLANG_WARN_RANGE_LOOP_ANALYSIS = YES;
				CLANG_WARN_STRICT_PROTOTYPES = YES;
				CLANG_WARN_UNGUARDED_AVAILABILITY = YES_AGGRESSIVE;
				CODE_SIGN_ENTITLEMENTS = "hackathon-today/hackathon-today.entitlements";
				CODE_SIGN_IDENTITY = "iPhone Developer";
				DEVELOPMENT_TEAM = GPVA8JVMU3;
				FRAMEWORK_SEARCH_PATHS = (
					"$(inherited)",
					"$(PROJECT_DIR)/Carthage/Build/iOS",
				);
				GCC_C_LANGUAGE_STANDARD = gnu11;
				INFOPLIST_FILE = "hackathon-today/Info.plist";
				IPHONEOS_DEPLOYMENT_TARGET = 10.0;
				LD_RUNPATH_SEARCH_PATHS = "$(inherited) @executable_path/Frameworks @executable_path/../../Frameworks";
				PRODUCT_BUNDLE_IDENTIFIER = "com.rosberry.hackathon.hackathon-today";
				PRODUCT_NAME = "$(TARGET_NAME)";
				SKIP_INSTALL = YES;
				SWIFT_VERSION = 3.0;
				TARGETED_DEVICE_FAMILY = "1,2";
			};
			name = Release;
		};
		0A0659561EEEAC4C00BFBBC4 /* Debug */ = {
			isa = XCBuildConfiguration;
			buildSettings = {
				CLANG_ANALYZER_NUMBER_OBJECT_CONVERSION = YES_AGGRESSIVE;
				DEVELOPMENT_TEAM = GPVA8JVMU3;
				INFOPLIST_FILE = NotificationContentExtension/Info.plist;
				IPHONEOS_DEPLOYMENT_TARGET = 10.3;
				LD_RUNPATH_SEARCH_PATHS = "$(inherited) @executable_path/Frameworks @executable_path/../../Frameworks";
				PRODUCT_BUNDLE_IDENTIFIER = com.rosberry.hackathon.NotificationContentExtension;
				PRODUCT_NAME = "$(TARGET_NAME)";
				SKIP_INSTALL = YES;
				SWIFT_VERSION = 3.0;
			};
			name = Debug;
		};
		0A0659571EEEAC4C00BFBBC4 /* Release */ = {
			isa = XCBuildConfiguration;
			buildSettings = {
				CLANG_ANALYZER_NUMBER_OBJECT_CONVERSION = YES_AGGRESSIVE;
				DEVELOPMENT_TEAM = GPVA8JVMU3;
				INFOPLIST_FILE = NotificationContentExtension/Info.plist;
				IPHONEOS_DEPLOYMENT_TARGET = 10.3;
				LD_RUNPATH_SEARCH_PATHS = "$(inherited) @executable_path/Frameworks @executable_path/../../Frameworks";
				PRODUCT_BUNDLE_IDENTIFIER = com.rosberry.hackathon.NotificationContentExtension;
				PRODUCT_NAME = "$(TARGET_NAME)";
				SKIP_INSTALL = YES;
				SWIFT_VERSION = 3.0;
			};
			name = Release;
		};
		0E65CC2E1EEE879B0050F7D8 /* Debug */ = {
			isa = XCBuildConfiguration;
			buildSettings = {
				CLANG_ANALYZER_NUMBER_OBJECT_CONVERSION = YES_AGGRESSIVE;
				CODE_SIGN_ENTITLEMENTS = "Hackathon-spotlight/Hackathon-spotlight.entitlements";
				DEVELOPMENT_TEAM = GPVA8JVMU3;
				FRAMEWORK_SEARCH_PATHS = (
					"$(inherited)",
					"$(PROJECT_DIR)/Carthage/Build/iOS",
				);
				INFOPLIST_FILE = "Hackathon-spotlight/Info.plist";
				IPHONEOS_DEPLOYMENT_TARGET = 10.3;
				LD_RUNPATH_SEARCH_PATHS = "$(inherited) @executable_path/Frameworks @executable_path/../../Frameworks";
				PRODUCT_BUNDLE_IDENTIFIER = "com.rosberry.hackathon.Hackathon-spotlight";
				PRODUCT_NAME = "$(TARGET_NAME)";
				SKIP_INSTALL = YES;
				SWIFT_VERSION = 3.0;
			};
			name = Debug;
		};
		0E65CC2F1EEE879B0050F7D8 /* Release */ = {
			isa = XCBuildConfiguration;
			buildSettings = {
				CLANG_ANALYZER_NUMBER_OBJECT_CONVERSION = YES_AGGRESSIVE;
				CODE_SIGN_ENTITLEMENTS = "Hackathon-spotlight/Hackathon-spotlight.entitlements";
				DEVELOPMENT_TEAM = GPVA8JVMU3;
				FRAMEWORK_SEARCH_PATHS = (
					"$(inherited)",
					"$(PROJECT_DIR)/Carthage/Build/iOS",
				);
				INFOPLIST_FILE = "Hackathon-spotlight/Info.plist";
				IPHONEOS_DEPLOYMENT_TARGET = 10.3;
				LD_RUNPATH_SEARCH_PATHS = "$(inherited) @executable_path/Frameworks @executable_path/../../Frameworks";
				PRODUCT_BUNDLE_IDENTIFIER = "com.rosberry.hackathon.Hackathon-spotlight";
				PRODUCT_NAME = "$(TARGET_NAME)";
				SKIP_INSTALL = YES;
				SWIFT_VERSION = 3.0;
			};
			name = Release;
		};
/* End XCBuildConfiguration section */

/* Begin XCConfigurationList section */
		060F083F1E4D6B3900D9166F /* Build configuration list for PBXProject "Hackathon" */ = {
			isa = XCConfigurationList;
			buildConfigurations = (
				060F08541E4D6B3900D9166F /* Debug */,
				060F08551E4D6B3900D9166F /* Release */,
			);
			defaultConfigurationIsVisible = 0;
			defaultConfigurationName = Release;
		};
		060F08561E4D6B3900D9166F /* Build configuration list for PBXNativeTarget "Hackathon" */ = {
			isa = XCConfigurationList;
			buildConfigurations = (
				060F08571E4D6B3900D9166F /* Debug */,
				060F08581E4D6B3900D9166F /* Release */,
			);
			defaultConfigurationIsVisible = 0;
			defaultConfigurationName = Release;
		};
		067ABE471EEE5BE600527112 /* Build configuration list for PBXNativeTarget "hackathon-today" */ = {
			isa = XCConfigurationList;
			buildConfigurations = (
				067ABE451EEE5BE600527112 /* Debug */,
				067ABE461EEE5BE600527112 /* Release */,
			);
			defaultConfigurationIsVisible = 0;
			defaultConfigurationName = Release;
		};
		0A0659551EEEAC4C00BFBBC4 /* Build configuration list for PBXNativeTarget "NotificationContentExtension" */ = {
			isa = XCConfigurationList;
			buildConfigurations = (
				0A0659561EEEAC4C00BFBBC4 /* Debug */,
				0A0659571EEEAC4C00BFBBC4 /* Release */,
			);
			defaultConfigurationIsVisible = 0;
		};
		0E65CC2D1EEE879B0050F7D8 /* Build configuration list for PBXNativeTarget "Hackathon-spotlight" */ = {
			isa = XCConfigurationList;
			buildConfigurations = (
				0E65CC2E1EEE879B0050F7D8 /* Debug */,
				0E65CC2F1EEE879B0050F7D8 /* Release */,
			);
			defaultConfigurationIsVisible = 0;
			defaultConfigurationName = Release;
		};
/* End XCConfigurationList section */
	};
	rootObject = 060F083C1E4D6B3900D9166F /* Project object */;
}
