// !$*UTF8*$!
{
	archiveVersion = 1;
	classes = {
	};
	objectVersion = 46;
	objects = {

/* Begin PBXBuildFile section */
		060F086D1E4D6C9200D9166F /* AppDelegate.swift in Sources */ = {isa = PBXBuildFile; fileRef = 060F085B1E4D6C9200D9166F /* AppDelegate.swift */; };
		060F08711E4D6C9200D9166F /* Assets.xcassets in Resources */ = {isa = PBXBuildFile; fileRef = 060F08651E4D6C9200D9166F /* Assets.xcassets */; };
		060F08731E4D6C9200D9166F /* LaunchScreen.storyboard in Resources */ = {isa = PBXBuildFile; fileRef = 060F08691E4D6C9200D9166F /* LaunchScreen.storyboard */; };
		060F08741E4D6C9200D9166F /* Main.storyboard in Resources */ = {isa = PBXBuildFile; fileRef = 060F086A1E4D6C9200D9166F /* Main.storyboard */; };
		061CC6F01EEC436C00634893 /* DetailViewController.swift in Sources */ = {isa = PBXBuildFile; fileRef = 061CC6EF1EEC436C00634893 /* DetailViewController.swift */; };
		061CC7011EEC458900634893 /* Alamofire.framework in Frameworks */ = {isa = PBXBuildFile; fileRef = 061CC6FE1EEC456100634893 /* Alamofire.framework */; };
		061CC7021EEC458900634893 /* Framezilla.framework in Frameworks */ = {isa = PBXBuildFile; fileRef = 061CC7001EEC456100634893 /* Framezilla.framework */; };
		061CC7031EEC458900634893 /* TableViewTools.framework in Frameworks */ = {isa = PBXBuildFile; fileRef = 061CC6FF1EEC456100634893 /* TableViewTools.framework */; };
		061CC7091EEC468700634893 /* AppTableViewCell.swift in Sources */ = {isa = PBXBuildFile; fileRef = 061CC7081EEC468700634893 /* AppTableViewCell.swift */; };
		061CC70B1EEC469000634893 /* AppTableViewCellItem.swift in Sources */ = {isa = PBXBuildFile; fileRef = 061CC70A1EEC469000634893 /* AppTableViewCellItem.swift */; };
		06CBEB711EEC486300E3EEE4 /* MainViewController.swift in Sources */ = {isa = PBXBuildFile; fileRef = 061CC7051EEC465D00634893 /* MainViewController.swift */; };
		849BF44D1EEE633C000A8453 /* Messages.framework in Frameworks */ = {isa = PBXBuildFile; fileRef = 849BF44C1EEE633C000A8453 /* Messages.framework */; };
		849BF4501EEE633C000A8453 /* MessagesViewController.swift in Sources */ = {isa = PBXBuildFile; fileRef = 849BF44F1EEE633C000A8453 /* MessagesViewController.swift */; };
		849BF4531EEE633C000A8453 /* MainInterface.storyboard in Resources */ = {isa = PBXBuildFile; fileRef = 849BF4511EEE633C000A8453 /* MainInterface.storyboard */; };
		849BF4551EEE633C000A8453 /* Assets.xcassets in Resources */ = {isa = PBXBuildFile; fileRef = 849BF4541EEE633C000A8453 /* Assets.xcassets */; };
		849BF4591EEE633C000A8453 /* HackathonMessageApp.appex in Embed App Extensions */ = {isa = PBXBuildFile; fileRef = 849BF44B1EEE633C000A8453 /* HackathonMessageApp.appex */; settings = {ATTRIBUTES = (RemoveHeadersOnCopy, ); }; };
/* End PBXBuildFile section */

/* Begin PBXContainerItemProxy section */
		849BF4571EEE633C000A8453 /* PBXContainerItemProxy */ = {
			isa = PBXContainerItemProxy;
			containerPortal = 060F083C1E4D6B3900D9166F /* Project object */;
			proxyType = 1;
			remoteGlobalIDString = 849BF44A1EEE633C000A8453;
			remoteInfo = HackathonMessageApp;
		};
/* End PBXContainerItemProxy section */

/* Begin PBXCopyFilesBuildPhase section */
		849BF45D1EEE633C000A8453 /* Embed App Extensions */ = {
			isa = PBXCopyFilesBuildPhase;
			buildActionMask = 2147483647;
			dstPath = "";
			dstSubfolderSpec = 13;
			files = (
				849BF4591EEE633C000A8453 /* HackathonMessageApp.appex in Embed App Extensions */,
			);
			name = "Embed App Extensions";
			runOnlyForDeploymentPostprocessing = 0;
		};
/* End PBXCopyFilesBuildPhase section */

/* Begin PBXFileReference section */
		060F08441E4D6B3900D9166F /* Hackathon.app */ = {isa = PBXFileReference; explicitFileType = wrapper.application; includeInIndex = 0; path = Hackathon.app; sourceTree = BUILT_PRODUCTS_DIR; };
		060F085B1E4D6C9200D9166F /* AppDelegate.swift */ = {isa = PBXFileReference; fileEncoding = 4; lastKnownFileType = sourcecode.swift; path = AppDelegate.swift; sourceTree = "<group>"; };
		060F08651E4D6C9200D9166F /* Assets.xcassets */ = {isa = PBXFileReference; lastKnownFileType = folder.assetcatalog; path = Assets.xcassets; sourceTree = "<group>"; };
		060F08691E4D6C9200D9166F /* LaunchScreen.storyboard */ = {isa = PBXFileReference; fileEncoding = 4; lastKnownFileType = file.storyboard; path = LaunchScreen.storyboard; sourceTree = "<group>"; };
		060F086A1E4D6C9200D9166F /* Main.storyboard */ = {isa = PBXFileReference; fileEncoding = 4; lastKnownFileType = file.storyboard; path = Main.storyboard; sourceTree = "<group>"; };
		060F087C1E4D702C00D9166F /* Info.plist */ = {isa = PBXFileReference; fileEncoding = 4; lastKnownFileType = text.plist.xml; path = Info.plist; sourceTree = "<group>"; };
		061CC6EF1EEC436C00634893 /* DetailViewController.swift */ = {isa = PBXFileReference; lastKnownFileType = sourcecode.swift; path = DetailViewController.swift; sourceTree = "<group>"; };
		061CC6FE1EEC456100634893 /* Alamofire.framework */ = {isa = PBXFileReference; lastKnownFileType = wrapper.framework; name = Alamofire.framework; path = Carthage/Build/iOS/Alamofire.framework; sourceTree = "<group>"; };
		061CC6FF1EEC456100634893 /* TableViewTools.framework */ = {isa = PBXFileReference; lastKnownFileType = wrapper.framework; name = TableViewTools.framework; path = Carthage/Build/iOS/TableViewTools.framework; sourceTree = "<group>"; };
		061CC7001EEC456100634893 /* Framezilla.framework */ = {isa = PBXFileReference; lastKnownFileType = wrapper.framework; name = Framezilla.framework; path = Carthage/Build/iOS/Framezilla.framework; sourceTree = "<group>"; };
		061CC7051EEC465D00634893 /* MainViewController.swift */ = {isa = PBXFileReference; lastKnownFileType = sourcecode.swift; path = MainViewController.swift; sourceTree = "<group>"; };
		061CC7081EEC468700634893 /* AppTableViewCell.swift */ = {isa = PBXFileReference; lastKnownFileType = sourcecode.swift; path = AppTableViewCell.swift; sourceTree = "<group>"; };
		061CC70A1EEC469000634893 /* AppTableViewCellItem.swift */ = {isa = PBXFileReference; lastKnownFileType = sourcecode.swift; path = AppTableViewCellItem.swift; sourceTree = "<group>"; };
		849BF44B1EEE633C000A8453 /* HackathonMessageApp.appex */ = {isa = PBXFileReference; explicitFileType = "wrapper.app-extension"; includeInIndex = 0; path = HackathonMessageApp.appex; sourceTree = BUILT_PRODUCTS_DIR; };
		849BF44C1EEE633C000A8453 /* Messages.framework */ = {isa = PBXFileReference; lastKnownFileType = wrapper.framework; name = Messages.framework; path = System/Library/Frameworks/Messages.framework; sourceTree = SDKROOT; };
		849BF44F1EEE633C000A8453 /* MessagesViewController.swift */ = {isa = PBXFileReference; lastKnownFileType = sourcecode.swift; path = MessagesViewController.swift; sourceTree = "<group>"; };
		849BF4521EEE633C000A8453 /* Base */ = {isa = PBXFileReference; lastKnownFileType = file.storyboard; name = Base; path = Base.lproj/MainInterface.storyboard; sourceTree = "<group>"; };
		849BF4541EEE633C000A8453 /* Assets.xcassets */ = {isa = PBXFileReference; lastKnownFileType = folder.assetcatalog; path = Assets.xcassets; sourceTree = "<group>"; };
		849BF4561EEE633C000A8453 /* Info.plist */ = {isa = PBXFileReference; lastKnownFileType = text.plist.xml; path = Info.plist; sourceTree = "<group>"; };
/* End PBXFileReference section */

/* Begin PBXFrameworksBuildPhase section */
		060F08411E4D6B3900D9166F /* Frameworks */ = {
			isa = PBXFrameworksBuildPhase;
			buildActionMask = 2147483647;
			files = (
				061CC7011EEC458900634893 /* Alamofire.framework in Frameworks */,
				061CC7021EEC458900634893 /* Framezilla.framework in Frameworks */,
				061CC7031EEC458900634893 /* TableViewTools.framework in Frameworks */,
			);
			runOnlyForDeploymentPostprocessing = 0;
		};
		849BF4481EEE633C000A8453 /* Frameworks */ = {
			isa = PBXFrameworksBuildPhase;
			buildActionMask = 2147483647;
			files = (
				849BF44D1EEE633C000A8453 /* Messages.framework in Frameworks */,
			);
			runOnlyForDeploymentPostprocessing = 0;
		};
/* End PBXFrameworksBuildPhase section */

/* Begin PBXGroup section */
		060F083B1E4D6B3900D9166F = {
			isa = PBXGroup;
			children = (
				060F08591E4D6C9200D9166F /* Classes */,
				060F08641E4D6C9200D9166F /* Resources */,
				060F08681E4D6C9200D9166F /* Storyboards */,
				060F087B1E4D702C00D9166F /* Hackathon */,
				849BF44E1EEE633C000A8453 /* HackathonMessageApp */,
				060F08451E4D6B3900D9166F /* Products */,
				061CC6FD1EEC456000634893 /* Frameworks */,
			);
			sourceTree = "<group>";
		};
		060F08451E4D6B3900D9166F /* Products */ = {
			isa = PBXGroup;
			children = (
				060F08441E4D6B3900D9166F /* Hackathon.app */,
				849BF44B1EEE633C000A8453 /* HackathonMessageApp.appex */,
			);
			name = Products;
			sourceTree = "<group>";
		};
		060F08591E4D6C9200D9166F /* Classes */ = {
			isa = PBXGroup;
			children = (
				060F085A1E4D6C9200D9166F /* AppDelegate */,
				060F085C1E4D6C9200D9166F /* BusinessLogic */,
				060F089C1E4D79C000D9166F /* Core */,
				060F08611E4D6C9200D9166F /* Presentation */,
			);
			path = Classes;
			sourceTree = "<group>";
		};
		060F085A1E4D6C9200D9166F /* AppDelegate */ = {
			isa = PBXGroup;
			children = (
				060F085B1E4D6C9200D9166F /* AppDelegate.swift */,
			);
			path = AppDelegate;
			sourceTree = "<group>";
		};
		060F085C1E4D6C9200D9166F /* BusinessLogic */ = {
			isa = PBXGroup;
			children = (
				060F08761E4D6CDF00D9166F /* Models */,
				060F085F1E4D6C9200D9166F /* Services */,
			);
			path = BusinessLogic;
			sourceTree = "<group>";
		};
		060F085F1E4D6C9200D9166F /* Services */ = {
			isa = PBXGroup;
			children = (
			);
			path = Services;
			sourceTree = "<group>";
		};
		060F08611E4D6C9200D9166F /* Presentation */ = {
			isa = PBXGroup;
			children = (
				060F08621E4D6C9200D9166F /* Modules */,
			);
			path = Presentation;
			sourceTree = "<group>";
		};
		060F08621E4D6C9200D9166F /* Modules */ = {
			isa = PBXGroup;
			children = (
				061CC7041EEC465D00634893 /* Main */,
				061CC6EF1EEC436C00634893 /* DetailViewController.swift */,
			);
			path = Modules;
			sourceTree = "<group>";
		};
		060F08641E4D6C9200D9166F /* Resources */ = {
			isa = PBXGroup;
			children = (
				060F08651E4D6C9200D9166F /* Assets.xcassets */,
			);
			path = Resources;
			sourceTree = "<group>";
		};
		060F08681E4D6C9200D9166F /* Storyboards */ = {
			isa = PBXGroup;
			children = (
				060F08691E4D6C9200D9166F /* LaunchScreen.storyboard */,
				060F086A1E4D6C9200D9166F /* Main.storyboard */,
			);
			path = Storyboards;
			sourceTree = "<group>";
		};
		060F08761E4D6CDF00D9166F /* Models */ = {
			isa = PBXGroup;
			children = (
			);
			path = Models;
			sourceTree = "<group>";
		};
		060F087B1E4D702C00D9166F /* Hackathon */ = {
			isa = PBXGroup;
			children = (
				060F087C1E4D702C00D9166F /* Info.plist */,
			);
			path = Hackathon;
			sourceTree = "<group>";
		};
		060F089C1E4D79C000D9166F /* Core */ = {
			isa = PBXGroup;
			children = (
			);
			path = Core;
			sourceTree = "<group>";
		};
		061CC6FD1EEC456000634893 /* Frameworks */ = {
			isa = PBXGroup;
			children = (
				061CC6FE1EEC456100634893 /* Alamofire.framework */,
				061CC7001EEC456100634893 /* Framezilla.framework */,
				061CC6FF1EEC456100634893 /* TableViewTools.framework */,
				849BF44C1EEE633C000A8453 /* Messages.framework */,
			);
			name = Frameworks;
			sourceTree = "<group>";
		};
		061CC7041EEC465D00634893 /* Main */ = {
			isa = PBXGroup;
			children = (
				061CC7061EEC466D00634893 /* Submodules */,
				061CC7051EEC465D00634893 /* MainViewController.swift */,
			);
			path = Main;
			sourceTree = "<group>";
		};
		061CC7061EEC466D00634893 /* Submodules */ = {
			isa = PBXGroup;
			children = (
				061CC7071EEC467800634893 /* AppCell */,
			);
			path = Submodules;
			sourceTree = "<group>";
		};
		061CC7071EEC467800634893 /* AppCell */ = {
			isa = PBXGroup;
			children = (
				061CC7081EEC468700634893 /* AppTableViewCell.swift */,
				061CC70A1EEC469000634893 /* AppTableViewCellItem.swift */,
			);
			path = AppCell;
			sourceTree = "<group>";
		};
		849BF44E1EEE633C000A8453 /* HackathonMessageApp */ = {
			isa = PBXGroup;
			children = (
				849BF44F1EEE633C000A8453 /* MessagesViewController.swift */,
				849BF4511EEE633C000A8453 /* MainInterface.storyboard */,
				849BF4541EEE633C000A8453 /* Assets.xcassets */,
				849BF4561EEE633C000A8453 /* Info.plist */,
			);
			path = HackathonMessageApp;
			sourceTree = "<group>";
		};
/* End PBXGroup section */

/* Begin PBXNativeTarget section */
		060F08431E4D6B3900D9166F /* Hackathon */ = {
			isa = PBXNativeTarget;
			buildConfigurationList = 060F08561E4D6B3900D9166F /* Build configuration list for PBXNativeTarget "Hackathon" */;
			buildPhases = (
				060F08401E4D6B3900D9166F /* Sources */,
				060F08411E4D6B3900D9166F /* Frameworks */,
				060F08421E4D6B3900D9166F /* Resources */,
				060F08791E4D6CF100D9166F /* SwiftLint */,
				060F087A1E4D6D2100D9166F /* Carthage */,
				849BF45D1EEE633C000A8453 /* Embed App Extensions */,
			);
			buildRules = (
			);
			dependencies = (
				849BF4581EEE633C000A8453 /* PBXTargetDependency */,
			);
			name = Hackathon;
			productName = Template;
			productReference = 060F08441E4D6B3900D9166F /* Hackathon.app */;
			productType = "com.apple.product-type.application";
		};
		849BF44A1EEE633C000A8453 /* HackathonMessageApp */ = {
			isa = PBXNativeTarget;
			buildConfigurationList = 849BF45C1EEE633C000A8453 /* Build configuration list for PBXNativeTarget "HackathonMessageApp" */;
			buildPhases = (
				849BF4471EEE633C000A8453 /* Sources */,
				849BF4481EEE633C000A8453 /* Frameworks */,
				849BF4491EEE633C000A8453 /* Resources */,
			);
			buildRules = (
			);
			dependencies = (
			);
			name = HackathonMessageApp;
			productName = HackathonMessageApp;
			productReference = 849BF44B1EEE633C000A8453 /* HackathonMessageApp.appex */;
			productType = "com.apple.product-type.app-extension.messages";
		};
/* End PBXNativeTarget section */

/* Begin PBXProject section */
		060F083C1E4D6B3900D9166F /* Project object */ = {
			isa = PBXProject;
			attributes = {
				LastSwiftUpdateCheck = 0830;
				LastUpgradeCheck = 0820;
				ORGANIZATIONNAME = Rosberry;
				TargetAttributes = {
					060F08431E4D6B3900D9166F = {
						CreatedOnToolsVersion = 8.2.1;
						ProvisioningStyle = Manual;
					};
					849BF44A1EEE633C000A8453 = {
						CreatedOnToolsVersion = 8.3.3;
						ProvisioningStyle = Manual;
					};
				};
			};
			buildConfigurationList = 060F083F1E4D6B3900D9166F /* Build configuration list for PBXProject "Hackathon" */;
			compatibilityVersion = "Xcode 3.2";
			developmentRegion = English;
			hasScannedForEncodings = 0;
			knownRegions = (
				en,
				Base,
			);
			mainGroup = 060F083B1E4D6B3900D9166F;
			productRefGroup = 060F08451E4D6B3900D9166F /* Products */;
			projectDirPath = "";
			projectRoot = "";
			targets = (
				060F08431E4D6B3900D9166F /* Hackathon */,
				849BF44A1EEE633C000A8453 /* HackathonMessageApp */,
			);
		};
/* End PBXProject section */

/* Begin PBXResourcesBuildPhase section */
		060F08421E4D6B3900D9166F /* Resources */ = {
			isa = PBXResourcesBuildPhase;
			buildActionMask = 2147483647;
			files = (
				060F08741E4D6C9200D9166F /* Main.storyboard in Resources */,
				060F08731E4D6C9200D9166F /* LaunchScreen.storyboard in Resources */,
				060F08711E4D6C9200D9166F /* Assets.xcassets in Resources */,
			);
			runOnlyForDeploymentPostprocessing = 0;
		};
		849BF4491EEE633C000A8453 /* Resources */ = {
			isa = PBXResourcesBuildPhase;
			buildActionMask = 2147483647;
			files = (
				849BF4551EEE633C000A8453 /* Assets.xcassets in Resources */,
				849BF4531EEE633C000A8453 /* MainInterface.storyboard in Resources */,
			);
			runOnlyForDeploymentPostprocessing = 0;
		};
/* End PBXResourcesBuildPhase section */

/* Begin PBXShellScriptBuildPhase section */
		060F08791E4D6CF100D9166F /* SwiftLint */ = {
			isa = PBXShellScriptBuildPhase;
			buildActionMask = 2147483647;
			files = (
			);
			inputPaths = (
			);
			name = SwiftLint;
			outputPaths = (
			);
			runOnlyForDeploymentPostprocessing = 0;
			shellPath = /bin/sh;
			shellScript = ./Scripts/swiftlint_script.sh;
		};
		060F087A1E4D6D2100D9166F /* Carthage */ = {
			isa = PBXShellScriptBuildPhase;
			buildActionMask = 2147483647;
			files = (
			);
			inputPaths = (
				"$(SRCROOT)/Carthage/Build/iOS/Alamofire.framework",
				"$(SRCROOT)/Carthage/Build/iOS/Framezilla.framework",
				"$(SRCROOT)/Carthage/Build/iOS/TableViewTools.framework",
			);
			name = Carthage;
			outputPaths = (
			);
			runOnlyForDeploymentPostprocessing = 0;
			shellPath = /bin/sh;
			shellScript = "/usr/local/bin/carthage copy-frameworks";
		};
/* End PBXShellScriptBuildPhase section */

/* Begin PBXSourcesBuildPhase section */
		060F08401E4D6B3900D9166F /* Sources */ = {
			isa = PBXSourcesBuildPhase;
			buildActionMask = 2147483647;
			files = (
				061CC70B1EEC469000634893 /* AppTableViewCellItem.swift in Sources */,
				061CC6F01EEC436C00634893 /* DetailViewController.swift in Sources */,
				060F086D1E4D6C9200D9166F /* AppDelegate.swift in Sources */,
				061CC7091EEC468700634893 /* AppTableViewCell.swift in Sources */,
				06CBEB711EEC486300E3EEE4 /* MainViewController.swift in Sources */,
			);
			runOnlyForDeploymentPostprocessing = 0;
		};
		849BF4471EEE633C000A8453 /* Sources */ = {
			isa = PBXSourcesBuildPhase;
			buildActionMask = 2147483647;
			files = (
				849BF4501EEE633C000A8453 /* MessagesViewController.swift in Sources */,
			);
			runOnlyForDeploymentPostprocessing = 0;
		};
/* End PBXSourcesBuildPhase section */

/* Begin PBXTargetDependency section */
		849BF4581EEE633C000A8453 /* PBXTargetDependency */ = {
			isa = PBXTargetDependency;
			target = 849BF44A1EEE633C000A8453 /* HackathonMessageApp */;
			targetProxy = 849BF4571EEE633C000A8453 /* PBXContainerItemProxy */;
		};
/* End PBXTargetDependency section */

/* Begin PBXVariantGroup section */
		849BF4511EEE633C000A8453 /* MainInterface.storyboard */ = {
			isa = PBXVariantGroup;
			children = (
				849BF4521EEE633C000A8453 /* Base */,
			);
			name = MainInterface.storyboard;
			sourceTree = "<group>";
		};
/* End PBXVariantGroup section */

/* Begin XCBuildConfiguration section */
		060F08541E4D6B3900D9166F /* Debug */ = {
			isa = XCBuildConfiguration;
			buildSettings = {
				ALWAYS_SEARCH_USER_PATHS = NO;
				CLANG_ANALYZER_NONNULL = YES;
				CLANG_CXX_LANGUAGE_STANDARD = "gnu++0x";
				CLANG_CXX_LIBRARY = "libc++";
				CLANG_ENABLE_MODULES = YES;
				CLANG_ENABLE_OBJC_ARC = YES;
				CLANG_WARN_BOOL_CONVERSION = YES;
				CLANG_WARN_CONSTANT_CONVERSION = YES;
				CLANG_WARN_DIRECT_OBJC_ISA_USAGE = YES_ERROR;
				CLANG_WARN_DOCUMENTATION_COMMENTS = YES;
				CLANG_WARN_EMPTY_BODY = YES;
				CLANG_WARN_ENUM_CONVERSION = YES;
				CLANG_WARN_INFINITE_RECURSION = YES;
				CLANG_WARN_INT_CONVERSION = YES;
				CLANG_WARN_OBJC_ROOT_CLASS = YES_ERROR;
				CLANG_WARN_SUSPICIOUS_MOVE = YES;
				CLANG_WARN_UNREACHABLE_CODE = YES;
				CLANG_WARN__DUPLICATE_METHOD_MATCH = YES;
				"CODE_SIGN_IDENTITY[sdk=iphoneos*]" = "iPhone Developer";
				COPY_PHASE_STRIP = NO;
				DEBUG_INFORMATION_FORMAT = dwarf;
				ENABLE_STRICT_OBJC_MSGSEND = YES;
				ENABLE_TESTABILITY = YES;
				GCC_C_LANGUAGE_STANDARD = gnu99;
				GCC_DYNAMIC_NO_PIC = NO;
				GCC_NO_COMMON_BLOCKS = YES;
				GCC_OPTIMIZATION_LEVEL = 0;
				GCC_PREPROCESSOR_DEFINITIONS = (
					"DEBUG=1",
					"$(inherited)",
				);
				GCC_WARN_64_TO_32_BIT_CONVERSION = YES;
				GCC_WARN_ABOUT_RETURN_TYPE = YES_ERROR;
				GCC_WARN_UNDECLARED_SELECTOR = YES;
				GCC_WARN_UNINITIALIZED_AUTOS = YES_AGGRESSIVE;
				GCC_WARN_UNUSED_FUNCTION = YES;
				GCC_WARN_UNUSED_VARIABLE = YES;
				IPHONEOS_DEPLOYMENT_TARGET = 9.0;
				MTL_ENABLE_DEBUG_INFO = YES;
				ONLY_ACTIVE_ARCH = YES;
				SDKROOT = iphoneos;
				SWIFT_ACTIVE_COMPILATION_CONDITIONS = DEBUG;
				SWIFT_OPTIMIZATION_LEVEL = "-Onone";
				TARGETED_DEVICE_FAMILY = "1,2";
			};
			name = Debug;
		};
		060F08551E4D6B3900D9166F /* Release */ = {
			isa = XCBuildConfiguration;
			buildSettings = {
				ALWAYS_SEARCH_USER_PATHS = NO;
				CLANG_ANALYZER_NONNULL = YES;
				CLANG_CXX_LANGUAGE_STANDARD = "gnu++0x";
				CLANG_CXX_LIBRARY = "libc++";
				CLANG_ENABLE_MODULES = YES;
				CLANG_ENABLE_OBJC_ARC = YES;
				CLANG_WARN_BOOL_CONVERSION = YES;
				CLANG_WARN_CONSTANT_CONVERSION = YES;
				CLANG_WARN_DIRECT_OBJC_ISA_USAGE = YES_ERROR;
				CLANG_WARN_DOCUMENTATION_COMMENTS = YES;
				CLANG_WARN_EMPTY_BODY = YES;
				CLANG_WARN_ENUM_CONVERSION = YES;
				CLANG_WARN_INFINITE_RECURSION = YES;
				CLANG_WARN_INT_CONVERSION = YES;
				CLANG_WARN_OBJC_ROOT_CLASS = YES_ERROR;
				CLANG_WARN_SUSPICIOUS_MOVE = YES;
				CLANG_WARN_UNREACHABLE_CODE = YES;
				CLANG_WARN__DUPLICATE_METHOD_MATCH = YES;
				"CODE_SIGN_IDENTITY[sdk=iphoneos*]" = "iPhone Developer";
				COPY_PHASE_STRIP = NO;
				DEBUG_INFORMATION_FORMAT = "dwarf-with-dsym";
				ENABLE_NS_ASSERTIONS = NO;
				ENABLE_STRICT_OBJC_MSGSEND = YES;
				GCC_C_LANGUAGE_STANDARD = gnu99;
				GCC_NO_COMMON_BLOCKS = YES;
				GCC_WARN_64_TO_32_BIT_CONVERSION = YES;
				GCC_WARN_ABOUT_RETURN_TYPE = YES_ERROR;
				GCC_WARN_UNDECLARED_SELECTOR = YES;
				GCC_WARN_UNINITIALIZED_AUTOS = YES_AGGRESSIVE;
				GCC_WARN_UNUSED_FUNCTION = YES;
				GCC_WARN_UNUSED_VARIABLE = YES;
				IPHONEOS_DEPLOYMENT_TARGET = 9.0;
				MTL_ENABLE_DEBUG_INFO = NO;
				SDKROOT = iphoneos;
				SWIFT_OPTIMIZATION_LEVEL = "-Owholemodule";
				TARGETED_DEVICE_FAMILY = "1,2";
				VALIDATE_PRODUCT = YES;
			};
			name = Release;
		};
		060F08571E4D6B3900D9166F /* Debug */ = {
			isa = XCBuildConfiguration;
			buildSettings = {
				ALWAYS_EMBED_SWIFT_STANDARD_LIBRARIES = YES;
				ASSETCATALOG_COMPILER_APPICON_NAME = AppIcon;
				DEVELOPMENT_TEAM = "";
				FRAMEWORK_SEARCH_PATHS = (
					"$(inherited)",
					"$(PROJECT_DIR)/Carthage/Build/iOS",
				);
				INFOPLIST_FILE = Hackathon/Info.plist;
				IPHONEOS_DEPLOYMENT_TARGET = 9.0;
				LD_RUNPATH_SEARCH_PATHS = "$(inherited) @executable_path/Frameworks";
				PRODUCT_BUNDLE_IDENTIFIER = com.rosberry.hackathon;
				PRODUCT_NAME = "$(TARGET_NAME)";
				SWIFT_VERSION = 3.0;
			};
			name = Debug;
		};
		060F08581E4D6B3900D9166F /* Release */ = {
			isa = XCBuildConfiguration;
			buildSettings = {
				ALWAYS_EMBED_SWIFT_STANDARD_LIBRARIES = YES;
				ASSETCATALOG_COMPILER_APPICON_NAME = AppIcon;
				DEVELOPMENT_TEAM = "";
				FRAMEWORK_SEARCH_PATHS = (
					"$(inherited)",
					"$(PROJECT_DIR)/Carthage/Build/iOS",
				);
				INFOPLIST_FILE = Hackathon/Info.plist;
				IPHONEOS_DEPLOYMENT_TARGET = 9.0;
				LD_RUNPATH_SEARCH_PATHS = "$(inherited) @executable_path/Frameworks";
				PRODUCT_BUNDLE_IDENTIFIER = com.rosberry.hackathon;
				PRODUCT_NAME = "$(TARGET_NAME)";
				SWIFT_VERSION = 3.0;
			};
			name = Release;
		};
		849BF45A1EEE633C000A8453 /* Debug */ = {
			isa = XCBuildConfiguration;
			buildSettings = {
				ASSETCATALOG_COMPILER_APPICON_NAME = "iMessage App Icon";
				CLANG_ANALYZER_NUMBER_OBJECT_CONVERSION = YES_AGGRESSIVE;
				DEVELOPMENT_TEAM = "";
				INFOPLIST_FILE = HackathonMessageApp/Info.plist;
				IPHONEOS_DEPLOYMENT_TARGET = 10.3;
				LD_RUNPATH_SEARCH_PATHS = "$(inherited) @executable_path/Frameworks @executable_path/../../Frameworks";
				PRODUCT_BUNDLE_IDENTIFIER = com.rosberry.hackathon.HackathonMessageApp;
				PRODUCT_NAME = "$(TARGET_NAME)";
				PROVISIONING_PROFILE_SPECIFIER = "";
				SKIP_INSTALL = YES;
				SWIFT_VERSION = 3.0;
			};
			name = Debug;
		};
		849BF45B1EEE633C000A8453 /* Release */ = {
			isa = XCBuildConfiguration;
			buildSettings = {
				ASSETCATALOG_COMPILER_APPICON_NAME = "iMessage App Icon";
				CLANG_ANALYZER_NUMBER_OBJECT_CONVERSION = YES_AGGRESSIVE;
				DEVELOPMENT_TEAM = "";
				INFOPLIST_FILE = HackathonMessageApp/Info.plist;
				IPHONEOS_DEPLOYMENT_TARGET = 10.3;
				LD_RUNPATH_SEARCH_PATHS = "$(inherited) @executable_path/Frameworks @executable_path/../../Frameworks";
				PRODUCT_BUNDLE_IDENTIFIER = com.rosberry.hackathon.HackathonMessageApp;
				PRODUCT_NAME = "$(TARGET_NAME)";
				PROVISIONING_PROFILE_SPECIFIER = "";
				SKIP_INSTALL = YES;
				SWIFT_VERSION = 3.0;
			};
			name = Release;
		};
/* End XCBuildConfiguration section */

/* Begin XCConfigurationList section */
		060F083F1E4D6B3900D9166F /* Build configuration list for PBXProject "Hackathon" */ = {
			isa = XCConfigurationList;
			buildConfigurations = (
				060F08541E4D6B3900D9166F /* Debug */,
				060F08551E4D6B3900D9166F /* Release */,
			);
			defaultConfigurationIsVisible = 0;
			defaultConfigurationName = Release;
		};
		060F08561E4D6B3900D9166F /* Build configuration list for PBXNativeTarget "Hackathon" */ = {
			isa = XCConfigurationList;
			buildConfigurations = (
				060F08571E4D6B3900D9166F /* Debug */,
				060F08581E4D6B3900D9166F /* Release */,
			);
			defaultConfigurationIsVisible = 0;
			defaultConfigurationName = Release;
		};
		849BF45C1EEE633C000A8453 /* Build configuration list for PBXNativeTarget "HackathonMessageApp" */ = {
			isa = XCConfigurationList;
			buildConfigurations = (
				849BF45A1EEE633C000A8453 /* Debug */,
				849BF45B1EEE633C000A8453 /* Release */,
			);
			defaultConfigurationIsVisible = 0;
		};
/* End XCConfigurationList section */
	};
	rootObject = 060F083C1E4D6B3900D9166F /* Project object */;
}
